
Microsoft Visual Studio Solution File, Format Version 12.00
# Visual Studio Version 17
VisualStudioVersion = 17.8.34309.116
MinimumVisualStudioVersion = 10.0.40219.1
Project("{FAE04EC0-301F-11D3-BF4B-00C04F79EFBC}") = "PokemonReviewApp", "PokemonReviewApp\PokemonReviewApp.csproj", "{70A6B5C1-BB8F-4B32-A49A-6FBB1A613732}"
EndProject
Global
	GlobalSection(SolutionConfigurationPlatforms) = preSolution
		Debug|Any CPU = Debug|Any CPU
		Release|Any CPU = Release|Any CPU
	EndGlobalSection
	GlobalSection(ProjectConfigurationPlatforms) = postSolution
		{70A6B5C1-BB8F-4B32-A49A-6FBB1A613732}.Debug|Any CPU.ActiveCfg = Debug|Any CPU
		{70A6B5C1-BB8F-4B32-A49A-6FBB1A613732}.Debug|Any CPU.Build.0 = Debug|Any CPU
		{70A6B5C1-BB8F-4B32-A49A-6FBB1A613732}.Release|Any CPU.ActiveCfg = Release|Any CPU
		{70A6B5C1-BB8F-4B32-A49A-6FBB1A613732}.Release|Any CPU.Build.0 = Release|Any CPU
	EndGlobalSection
	GlobalSection(SolutionProperties) = preSolution
		HideSolutionNode = FALSE
	EndGlobalSection
	GlobalSection(ExtensibilityGlobals) = postSolution
		SolutionGuid = {F7451F46-10EB-474D-93A5-9C901B05CA53}
	EndGlobalSection
EndGlobal
